{
  "requires": true,
  "lockfileVersion": 1,
  "dependencies": {
    "phoenix_live_view": {
      "version": "0.13.2",
      "resolved": "https://registry.npmjs.org/phoenix_live_view/-/phoenix_live_view-0.13.2.tgz",
      "integrity": "sha512-0lSRCryLb/r4eO4NwLs/BL7ed1O24vWD2MmzAXsbY8bD0l44QroZ0yZQyYQpilaxkZZhG8SMTinSHOcePydgfw=="
    }
  }
}
